// !$*UTF8*$!
{
	archiveVersion = 1;
	classes = {
	};
	objectVersion = 46;
	objects = {

/* Begin PBXBuildFile section */
		C2B9B1221973DCB9002DF862 /* 夕阳.jpg in Resources */ = {isa = PBXBuildFile; fileRef = C2B9B1211973DCB9002DF862 /* 夕阳.jpg */; };
		C2C11ED61973C5F20095FE4D /* Foundation.framework in Frameworks */ = {isa = PBXBuildFile; fileRef = C2C11ED51973C5F20095FE4D /* Foundation.framework */; };
		C2C11ED81973C5F20095FE4D /* CoreGraphics.framework in Frameworks */ = {isa = PBXBuildFile; fileRef = C2C11ED71973C5F20095FE4D /* CoreGraphics.framework */; };
		C2C11EDA1973C5F20095FE4D /* UIKit.framework in Frameworks */ = {isa = PBXBuildFile; fileRef = C2C11ED91973C5F20095FE4D /* UIKit.framework */; };
		C2C11EE01973C5F20095FE4D /* InfoPlist.strings in Resources */ = {isa = PBXBuildFile; fileRef = C2C11EDE1973C5F20095FE4D /* InfoPlist.strings */; };
		C2C11EE21973C5F20095FE4D /* main.m in Sources */ = {isa = PBXBuildFile; fileRef = C2C11EE11973C5F20095FE4D /* main.m */; };
		C2C11EE61973C5F20095FE4D /* AppDelegate.m in Sources */ = {isa = PBXBuildFile; fileRef = C2C11EE51973C5F20095FE4D /* AppDelegate.m */; };
		C2C11EE91973C5F20095FE4D /* Main.storyboard in Resources */ = {isa = PBXBuildFile; fileRef = C2C11EE71973C5F20095FE4D /* Main.storyboard */; };
		C2C11EEC1973C5F20095FE4D /* ViewController.m in Sources */ = {isa = PBXBuildFile; fileRef = C2C11EEB1973C5F20095FE4D /* ViewController.m */; };
		C2C11EEE1973C5F20095FE4D /* Images.xcassets in Resources */ = {isa = PBXBuildFile; fileRef = C2C11EED1973C5F20095FE4D /* Images.xcassets */; };
		C2C11EF51973C5F20095FE4D /* XCTest.framework in Frameworks */ = {isa = PBXBuildFile; fileRef = C2C11EF41973C5F20095FE4D /* XCTest.framework */; };
		C2C11EF61973C5F20095FE4D /* Foundation.framework in Frameworks */ = {isa = PBXBuildFile; fileRef = C2C11ED51973C5F20095FE4D /* Foundation.framework */; };
		C2C11EF71973C5F20095FE4D /* UIKit.framework in Frameworks */ = {isa = PBXBuildFile; fileRef = C2C11ED91973C5F20095FE4D /* UIKit.framework */; };
		C2C11EFF1973C5F20095FE4D /* InfoPlist.strings in Resources */ = {isa = PBXBuildFile; fileRef = C2C11EFD1973C5F20095FE4D /* InfoPlist.strings */; };
		C2C11F011973C5F20095FE4D /* LessonAnimationTests.m in Sources */ = {isa = PBXBuildFile; fileRef = C2C11F001973C5F20095FE4D /* LessonAnimationTests.m */; };
		C2C11F0C1973C7BE0095FE4D /* FirstViewController.m in Sources */ = {isa = PBXBuildFile; fileRef = C2C11F0B1973C7BE0095FE4D /* FirstViewController.m */; };
		C2C11F0F1973C7CB0095FE4D /* SecondViewController.m in Sources */ = {isa = PBXBuildFile; fileRef = C2C11F0E1973C7CB0095FE4D /* SecondViewController.m */; };
/* End PBXBuildFile section */

/* Begin PBXContainerItemProxy section */
		C2C11EF81973C5F20095FE4D /* PBXContainerItemProxy */ = {
			isa = PBXContainerItemProxy;
			containerPortal = C2C11ECA1973C5F20095FE4D /* Project object */;
			proxyType = 1;
			remoteGlobalIDString = C2C11ED11973C5F20095FE4D;
			remoteInfo = LessonAnimation;
		};
/* End PBXContainerItemProxy section */

/* Begin PBXFileReference section */
		C2B9B1211973DCB9002DF862 /* 夕阳.jpg */ = {isa = PBXFileReference; lastKnownFileType = image.jpeg; path = "夕阳.jpg"; sourceTree = "<group>"; };
		C2C11ED21973C5F20095FE4D /* LessonAnimation.app */ = {isa = PBXFileReference; explicitFileType = wrapper.application; includeInIndex = 0; path = LessonAnimation.app; sourceTree = BUILT_PRODUCTS_DIR; };
		C2C11ED51973C5F20095FE4D /* Foundation.framework */ = {isa = PBXFileReference; lastKnownFileType = wrapper.framework; name = Foundation.framework; path = System/Library/Frameworks/Foundation.framework; sourceTree = SDKROOT; };
		C2C11ED71973C5F20095FE4D /* CoreGraphics.framework */ = {isa = PBXFileReference; lastKnownFileType = wrapper.framework; name = CoreGraphics.framework; path = System/Library/Frameworks/CoreGraphics.framework; sourceTree = SDKROOT; };
		C2C11ED91973C5F20095FE4D /* UIKit.framework */ = {isa = PBXFileReference; lastKnownFileType = wrapper.framework; name = UIKit.framework; path = System/Library/Frameworks/UIKit.framework; sourceTree = SDKROOT; };
		C2C11EDD1973C5F20095FE4D /* LessonAnimation-Info.plist */ = {isa = PBXFileReference; lastKnownFileType = text.plist.xml; path = "LessonAnimation-Info.plist"; sourceTree = "<group>"; };
		C2C11EDF1973C5F20095FE4D /* en */ = {isa = PBXFileReference; lastKnownFileType = text.plist.strings; name = en; path = en.lproj/InfoPlist.strings; sourceTree = "<group>"; };
		C2C11EE11973C5F20095FE4D /* main.m */ = {isa = PBXFileReference; lastKnownFileType = sourcecode.c.objc; path = main.m; sourceTree = "<group>"; };
		C2C11EE31973C5F20095FE4D /* LessonAnimation-Prefix.pch */ = {isa = PBXFileReference; lastKnownFileType = sourcecode.c.h; path = "LessonAnimation-Prefix.pch"; sourceTree = "<group>"; };
		C2C11EE41973C5F20095FE4D /* AppDelegate.h */ = {isa = PBXFileReference; lastKnownFileType = sourcecode.c.h; path = AppDelegate.h; sourceTree = "<group>"; };
		C2C11EE51973C5F20095FE4D /* AppDelegate.m */ = {isa = PBXFileReference; lastKnownFileType = sourcecode.c.objc; path = AppDelegate.m; sourceTree = "<group>"; };
		C2C11EE81973C5F20095FE4D /* Base */ = {isa = PBXFileReference; lastKnownFileType = file.storyboard; name = Base; path = Base.lproj/Main.storyboard; sourceTree = "<group>"; };
		C2C11EEA1973C5F20095FE4D /* ViewController.h */ = {isa = PBXFileReference; lastKnownFileType = sourcecode.c.h; name = ViewController.h; path = ../ViewController.h; sourceTree = "<group>"; };
		C2C11EEB1973C5F20095FE4D /* ViewController.m */ = {isa = PBXFileReference; lastKnownFileType = sourcecode.c.objc; name = ViewController.m; path = ../ViewController.m; sourceTree = "<group>"; };
		C2C11EED1973C5F20095FE4D /* Images.xcassets */ = {isa = PBXFileReference; lastKnownFileType = folder.assetcatalog; path = Images.xcassets; sourceTree = "<group>"; };
		C2C11EF31973C5F20095FE4D /* LessonAnimationTests.xctest */ = {isa = PBXFileReference; explicitFileType = wrapper.cfbundle; includeInIndex = 0; path = LessonAnimationTests.xctest; sourceTree = BUILT_PRODUCTS_DIR; };
		C2C11EF41973C5F20095FE4D /* XCTest.framework */ = {isa = PBXFileReference; lastKnownFileType = wrapper.framework; name = XCTest.framework; path = Library/Frameworks/XCTest.framework; sourceTree = DEVELOPER_DIR; };
		C2C11EFC1973C5F20095FE4D /* LessonAnimationTests-Info.plist */ = {isa = PBXFileReference; lastKnownFileType = text.plist.xml; path = "LessonAnimationTests-Info.plist"; sourceTree = "<group>"; };
		C2C11EFE1973C5F20095FE4D /* en */ = {isa = PBXFileReference; lastKnownFileType = text.plist.strings; name = en; path = en.lproj/InfoPlist.strings; sourceTree = "<group>"; };
		C2C11F001973C5F20095FE4D /* LessonAnimationTests.m */ = {isa = PBXFileReference; lastKnownFileType = sourcecode.c.objc; path = LessonAnimationTests.m; sourceTree = "<group>"; };
		C2C11F0A1973C7BE0095FE4D /* FirstViewController.h */ = {isa = PBXFileReference; fileEncoding = 4; lastKnownFileType = sourcecode.c.h; name = FirstViewController.h; path = ../FirstViewController.h; sourceTree = "<group>"; };
		C2C11F0B1973C7BE0095FE4D /* FirstViewController.m */ = {isa = PBXFileReference; fileEncoding = 4; lastKnownFileType = sourcecode.c.objc; name = FirstViewController.m; path = ../FirstViewController.m; sourceTree = "<group>"; };
		C2C11F0D1973C7CB0095FE4D /* SecondViewController.h */ = {isa = PBXFileReference; fileEncoding = 4; lastKnownFileType = sourcecode.c.h; name = SecondViewController.h; path = ../SecondViewController.h; sourceTree = "<group>"; };
		C2C11F0E1973C7CB0095FE4D /* SecondViewController.m */ = {isa = PBXFileReference; fileEncoding = 4; lastKnownFileType = sourcecode.c.objc; name = SecondViewController.m; path = ../SecondViewController.m; sourceTree = "<group>"; };
/* End PBXFileReference section */

/* Begin PBXFrameworksBuildPhase section */
		C2C11ECF1973C5F20095FE4D /* Frameworks */ = {
			isa = PBXFrameworksBuildPhase;
			buildActionMask = 2147483647;
			files = (
				C2C11ED81973C5F20095FE4D /* CoreGraphics.framework in Frameworks */,
				C2C11EDA1973C5F20095FE4D /* UIKit.framework in Frameworks */,
				C2C11ED61973C5F20095FE4D /* Foundation.framework in Frameworks */,
			);
			runOnlyForDeploymentPostprocessing = 0;
		};
		C2C11EF01973C5F20095FE4D /* Frameworks */ = {
			isa = PBXFrameworksBuildPhase;
			buildActionMask = 2147483647;
			files = (
				C2C11EF51973C5F20095FE4D /* XCTest.framework in Frameworks */,
				C2C11EF71973C5F20095FE4D /* UIKit.framework in Frameworks */,
				C2C11EF61973C5F20095FE4D /* Foundation.framework in Frameworks */,
			);
			runOnlyForDeploymentPostprocessing = 0;
		};
/* End PBXFrameworksBuildPhase section */

/* Begin PBXGroup section */
		C2C11EC91973C5F20095FE4D = {
			isa = PBXGroup;
			children = (
				C2C11EDB1973C5F20095FE4D /* LessonAnimation */,
				C2C11EFA1973C5F20095FE4D /* LessonAnimationTests */,
				C2C11ED41973C5F20095FE4D /* Frameworks */,
				C2C11ED31973C5F20095FE4D /* Products */,
			);
			sourceTree = "<group>";
		};
		C2C11ED31973C5F20095FE4D /* Products */ = {
			isa = PBXGroup;
			children = (
				C2C11ED21973C5F20095FE4D /* LessonAnimation.app */,
				C2C11EF31973C5F20095FE4D /* LessonAnimationTests.xctest */,
			);
			name = Products;
			sourceTree = "<group>";
		};
		C2C11ED41973C5F20095FE4D /* Frameworks */ = {
			isa = PBXGroup;
			children = (
				C2C11ED51973C5F20095FE4D /* Foundation.framework */,
				C2C11ED71973C5F20095FE4D /* CoreGraphics.framework */,
				C2C11ED91973C5F20095FE4D /* UIKit.framework */,
				C2C11EF41973C5F20095FE4D /* XCTest.framework */,
			);
			name = Frameworks;
			sourceTree = "<group>";
		};
		C2C11EDB1973C5F20095FE4D /* LessonAnimation */ = {
			isa = PBXGroup;
			children = (
				C2C11F101973CA2B0095FE4D /* ViewControllers */,
				C2C11EE41973C5F20095FE4D /* AppDelegate.h */,
				C2C11EE51973C5F20095FE4D /* AppDelegate.m */,
				C2C11EE71973C5F20095FE4D /* Main.storyboard */,
				C2C11EED1973C5F20095FE4D /* Images.xcassets */,
				C2C11EDC1973C5F20095FE4D /* Supporting Files */,
			);
			path = LessonAnimation;
			sourceTree = "<group>";
		};
		C2C11EDC1973C5F20095FE4D /* Supporting Files */ = {
			isa = PBXGroup;
			children = (
				C2C11EDD1973C5F20095FE4D /* LessonAnimation-Info.plist */,
				C2C11EDE1973C5F20095FE4D /* InfoPlist.strings */,
				C2C11EE11973C5F20095FE4D /* main.m */,
				C2C11EE31973C5F20095FE4D /* LessonAnimation-Prefix.pch */,
			);
			name = "Supporting Files";
			sourceTree = "<group>";
		};
		C2C11EFA1973C5F20095FE4D /* LessonAnimationTests */ = {
			isa = PBXGroup;
			children = (
				C2C11F001973C5F20095FE4D /* LessonAnimationTests.m */,
				C2C11EFB1973C5F20095FE4D /* Supporting Files */,
			);
			path = LessonAnimationTests;
			sourceTree = "<group>";
		};
		C2C11EFB1973C5F20095FE4D /* Supporting Files */ = {
			isa = PBXGroup;
			children = (
				C2C11EFC1973C5F20095FE4D /* LessonAnimationTests-Info.plist */,
				C2C11EFD1973C5F20095FE4D /* InfoPlist.strings */,
			);
			name = "Supporting Files";
			sourceTree = "<group>";
		};
		C2C11F101973CA2B0095FE4D /* ViewControllers */ = {
			isa = PBXGroup;
			children = (
				C2B9B1211973DCB9002DF862 /* 夕阳.jpg */,
				C2C11EEA1973C5F20095FE4D /* ViewController.h */,
				C2C11EEB1973C5F20095FE4D /* ViewController.m */,
				C2C11F0A1973C7BE0095FE4D /* FirstViewController.h */,
				C2C11F0B1973C7BE0095FE4D /* FirstViewController.m */,
				C2C11F0D1973C7CB0095FE4D /* SecondViewController.h */,
				C2C11F0E1973C7CB0095FE4D /* SecondViewController.m */,
			);
			path = ViewControllers;
			sourceTree = "<group>";
		};
/* End PBXGroup section */

/* Begin PBXNativeTarget section */
		C2C11ED11973C5F20095FE4D /* LessonAnimation */ = {
			isa = PBXNativeTarget;
			buildConfigurationList = C2C11F041973C5F20095FE4D /* Build configuration list for PBXNativeTarget "LessonAnimation" */;
			buildPhases = (
				C2C11ECE1973C5F20095FE4D /* Sources */,
				C2C11ECF1973C5F20095FE4D /* Frameworks */,
				C2C11ED01973C5F20095FE4D /* Resources */,
			);
			buildRules = (
			);
			dependencies = (
			);
			name = LessonAnimation;
			productName = LessonAnimation;
			productReference = C2C11ED21973C5F20095FE4D /* LessonAnimation.app */;
			productType = "com.apple.product-type.application";
		};
		C2C11EF21973C5F20095FE4D /* LessonAnimationTests */ = {
			isa = PBXNativeTarget;
			buildConfigurationList = C2C11F071973C5F20095FE4D /* Build configuration list for PBXNativeTarget "LessonAnimationTests" */;
			buildPhases = (
				C2C11EEF1973C5F20095FE4D /* Sources */,
				C2C11EF01973C5F20095FE4D /* Frameworks */,
				C2C11EF11973C5F20095FE4D /* Resources */,
			);
			buildRules = (
			);
			dependencies = (
				C2C11EF91973C5F20095FE4D /* PBXTargetDependency */,
			);
			name = LessonAnimationTests;
			productName = LessonAnimationTests;
			productReference = C2C11EF31973C5F20095FE4D /* LessonAnimationTests.xctest */;
			productType = "com.apple.product-type.bundle.unit-test";
		};
/* End PBXNativeTarget section */

/* Begin PBXProject section */
		C2C11ECA1973C5F20095FE4D /* Project object */ = {
			isa = PBXProject;
			attributes = {
				LastUpgradeCheck = 0510;
				ORGANIZATIONNAME = Winann;
				TargetAttributes = {
					C2C11EF21973C5F20095FE4D = {
						TestTargetID = C2C11ED11973C5F20095FE4D;
					};
				};
			};
			buildConfigurationList = C2C11ECD1973C5F20095FE4D /* Build configuration list for PBXProject "LessonAnimation" */;
			compatibilityVersion = "Xcode 3.2";
			developmentRegion = English;
			hasScannedForEncodings = 0;
			knownRegions = (
				en,
				Base,
			);
			mainGroup = C2C11EC91973C5F20095FE4D;
			productRefGroup = C2C11ED31973C5F20095FE4D /* Products */;
			projectDirPath = "";
			projectRoot = "";
			targets = (
				C2C11ED11973C5F20095FE4D /* LessonAnimation */,
				C2C11EF21973C5F20095FE4D /* LessonAnimationTests */,
			);
		};
/* End PBXProject section */

/* Begin PBXResourcesBuildPhase section */
		C2C11ED01973C5F20095FE4D /* Resources */ = {
			isa = PBXResourcesBuildPhase;
			buildActionMask = 2147483647;
			files = (
				C2C11EEE1973C5F20095FE4D /* Images.xcassets in Resources */,
				C2B9B1221973DCB9002DF862 /* 夕阳.jpg in Resources */,
				C2C11EE01973C5F20095FE4D /* InfoPlist.strings in Resources */,
				C2C11EE91973C5F20095FE4D /* Main.storyboard in Resources */,
			);
			runOnlyForDeploymentPostprocessing = 0;
		};
		C2C11EF11973C5F20095FE4D /* Resources */ = {
			isa = PBXResourcesBuildPhase;
			buildActionMask = 2147483647;
			files = (
				C2C11EFF1973C5F20095FE4D /* InfoPlist.strings in Resources */,
			);
			runOnlyForDeploymentPostprocessing = 0;
		};
/* End PBXResourcesBuildPhase section */

/* Begin PBXSourcesBuildPhase section */
		C2C11ECE1973C5F20095FE4D /* Sources */ = {
			isa = PBXSourcesBuildPhase;
			buildActionMask = 2147483647;
			files = (
				C2C11F0F1973C7CB0095FE4D /* SecondViewController.m in Sources */,
				C2C11EEC1973C5F20095FE4D /* ViewController.m in Sources */,
				C2C11EE61973C5F20095FE4D /* AppDelegate.m in Sources */,
				C2C11EE21973C5F20095FE4D /* main.m in Sources */,
				C2C11F0C1973C7BE0095FE4D /* FirstViewController.m in Sources */,
			);
			runOnlyForDeploymentPostprocessing = 0;
		};
		C2C11EEF1973C5F20095FE4D /* Sources */ = {
			isa = PBXSourcesBuildPhase;
			buildActionMask = 2147483647;
			files = (
				C2C11F011973C5F20095FE4D /* LessonAnimationTests.m in Sources */,
			);
			runOnlyForDeploymentPostprocessing = 0;
		};
/* End PBXSourcesBuildPhase section */

/* Begin PBXTargetDependency section */
		C2C11EF91973C5F20095FE4D /* PBXTargetDependency */ = {
			isa = PBXTargetDependency;
			target = C2C11ED11973C5F20095FE4D /* LessonAnimation */;
			targetProxy = C2C11EF81973C5F20095FE4D /* PBXContainerItemProxy */;
		};
/* End PBXTargetDependency section */

/* Begin PBXVariantGroup section */
		C2C11EDE1973C5F20095FE4D /* InfoPlist.strings */ = {
			isa = PBXVariantGroup;
			children = (
				C2C11EDF1973C5F20095FE4D /* en */,
			);
			name = InfoPlist.strings;
			sourceTree = "<group>";
		};
		C2C11EE71973C5F20095FE4D /* Main.storyboard */ = {
			isa = PBXVariantGroup;
			children = (
				C2C11EE81973C5F20095FE4D /* Base */,
			);
			name = Main.storyboard;
			sourceTree = "<group>";
		};
		C2C11EFD1973C5F20095FE4D /* InfoPlist.strings */ = {
			isa = PBXVariantGroup;
			children = (
				C2C11EFE1973C5F20095FE4D /* en */,
			);
			name = InfoPlist.strings;
			sourceTree = "<group>";
		};
/* End PBXVariantGroup section */

/* Begin XCBuildConfiguration section */
		C2C11F021973C5F20095FE4D /* Debug */ = {
			isa = XCBuildConfiguration;
			buildSettings = {
				ALWAYS_SEARCH_USER_PATHS = NO;
				CLANG_CXX_LANGUAGE_STANDARD = "gnu++0x";
				CLANG_CXX_LIBRARY = "libc++";
				CLANG_ENABLE_MODULES = YES;
				CLANG_ENABLE_OBJC_ARC = YES;
				CLANG_WARN_BOOL_CONVERSION = YES;
				CLANG_WARN_CONSTANT_CONVERSION = YES;
				CLANG_WARN_DIRECT_OBJC_ISA_USAGE = YES_ERROR;
				CLANG_WARN_EMPTY_BODY = YES;
				CLANG_WARN_ENUM_CONVERSION = YES;
				CLANG_WARN_INT_CONVERSION = YES;
				CLANG_WARN_OBJC_ROOT_CLASS = YES_ERROR;
				CLANG_WARN__DUPLICATE_METHOD_MATCH = YES;
				"CODE_SIGN_IDENTITY[sdk=iphoneos*]" = "iPhone Developer";
				COPY_PHASE_STRIP = NO;
				GCC_C_LANGUAGE_STANDARD = gnu99;
				GCC_DYNAMIC_NO_PIC = NO;
				GCC_OPTIMIZATION_LEVEL = 0;
				GCC_PREPROCESSOR_DEFINITIONS = (
					"DEBUG=1",
					"$(inherited)",
				);
				GCC_SYMBOLS_PRIVATE_EXTERN = NO;
				GCC_WARN_64_TO_32_BIT_CONVERSION = YES;
				GCC_WARN_ABOUT_RETURN_TYPE = YES_ERROR;
				GCC_WARN_UNDECLARED_SELECTOR = YES;
				GCC_WARN_UNINITIALIZED_AUTOS = YES_AGGRESSIVE;
				GCC_WARN_UNUSED_FUNCTION = YES;
				GCC_WARN_UNUSED_VARIABLE = YES;
				IPHONEOS_DEPLOYMENT_TARGET = 7.1;
				ONLY_ACTIVE_ARCH = YES;
				SDKROOT = iphoneos;
			};
			name = Debug;
		};
		C2C11F031973C5F20095FE4D /* Release */ = {
			isa = XCBuildConfiguration;
			buildSettings = {
				ALWAYS_SEARCH_USER_PATHS = NO;
				CLANG_CXX_LANGUAGE_STANDARD = "gnu++0x";
				CLANG_CXX_LIBRARY = "libc++";
				CLANG_ENABLE_MODULES = YES;
				CLANG_ENABLE_OBJC_ARC = YES;
				CLANG_WARN_BOOL_CONVERSION = YES;
				CLANG_WARN_CONSTANT_CONVERSION = YES;
				CLANG_WARN_DIRECT_OBJC_ISA_USAGE = YES_ERROR;
				CLANG_WARN_EMPTY_BODY = YES;
				CLANG_WARN_ENUM_CONVERSION = YES;
				CLANG_WARN_INT_CONVERSION = YES;
				CLANG_WARN_OBJC_ROOT_CLASS = YES_ERROR;
				CLANG_WARN__DUPLICATE_METHOD_MATCH = YES;
				"CODE_SIGN_IDENTITY[sdk=iphoneos*]" = "iPhone Developer";
				COPY_PHASE_STRIP = YES;
				ENABLE_NS_ASSERTIONS = NO;
				GCC_C_LANGUAGE_STANDARD = gnu99;
				GCC_WARN_64_TO_32_BIT_CONVERSION = YES;
				GCC_WARN_ABOUT_RETURN_TYPE = YES_ERROR;
				GCC_WARN_UNDECLARED_SELECTOR = YES;
				GCC_WARN_UNINITIALIZED_AUTOS = YES_AGGRESSIVE;
				GCC_WARN_UNUSED_FUNCTION = YES;
				GCC_WARN_UNUSED_VARIABLE = YES;
				IPHONEOS_DEPLOYMENT_TARGET = 7.1;
				SDKROOT = iphoneos;
				VALIDATE_PRODUCT = YES;
			};
			name = Release;
		};
		C2C11F051973C5F20095FE4D /* Debug */ = {
			isa = XCBuildConfiguration;
			buildSettings = {
				ASSETCATALOG_COMPILER_APPICON_NAME = AppIcon;
				ASSETCATALOG_COMPILER_LAUNCHIMAGE_NAME = LaunchImage;
				CLANG_ENABLE_OBJC_ARC = NO;
				GCC_PRECOMPILE_PREFIX_HEADER = YES;
				GCC_PREFIX_HEADER = "LessonAnimation/LessonAnimation-Prefix.pch";
				INFOPLIST_FILE = "LessonAnimation/LessonAnimation-Info.plist";
				PRODUCT_NAME = "$(TARGET_NAME)";
				WRAPPER_EXTENSION = app;
			};
			name = Debug;
		};
		C2C11F061973C5F20095FE4D /* Release */ = {
			isa = XCBuildConfiguration;
			buildSettings = {
				ASSETCATALOG_COMPILER_APPICON_NAME = AppIcon;
				ASSETCATALOG_COMPILER_LAUNCHIMAGE_NAME = LaunchImage;
				CLANG_ENABLE_OBJC_ARC = NO;
				GCC_PRECOMPILE_PREFIX_HEADER = YES;
				GCC_PREFIX_HEADER = "LessonAnimation/LessonAnimation-Prefix.pch";
				INFOPLIST_FILE = "LessonAnimation/LessonAnimation-Info.plist";
				PRODUCT_NAME = "$(TARGET_NAME)";
				WRAPPER_EXTENSION = app;
			};
			name = Release;
		};
		C2C11F081973C5F20095FE4D /* Debug */ = {
			isa = XCBuildConfiguration;
			buildSettings = {
				BUNDLE_LOADER = "$(BUILT_PRODUCTS_DIR)/LessonAnimation.app/LessonAnimation";
				FRAMEWORK_SEARCH_PATHS = (
					"$(SDKROOT)/Developer/Library/Frameworks",
					"$(inherited)",
					"$(DEVELOPER_FRAMEWORKS_DIR)",
				);
				GCC_PRECOMPILE_PREFIX_HEADER = YES;
				GCC_PREFIX_HEADER = "LessonAnimation/LessonAnimation-Prefix.pch";
				GCC_PREPROCESSOR_DEFINITIONS = (
					"DEBUG=1",
					"$(inherited)",
				);
				INFOPLIST_FILE = "LessonAnimationTests/LessonAnimationTests-Info.plist";
				PRODUCT_NAME = "$(TARGET_NAME)";
				TEST_HOST = "$(BUNDLE_LOADER)";
				WRAPPER_EXTENSION = xctest;
			};
			name = Debug;
		};
		C2C11F091973C5F20095FE4D /* Release */ = {
			isa = XCBuildConfiguration;
			buildSettings = {
				BUNDLE_LOADER = "$(BUILT_PRODUCTS_DIR)/LessonAnimation.app/LessonAnimation";
				FRAMEWORK_SEARCH_PATHS = (
					"$(SDKROOT)/Developer/Library/Frameworks",
					"$(inherited)",
					"$(DEVELOPER_FRAMEWORKS_DIR)",
				);
				GCC_PRECOMPILE_PREFIX_HEADER = YES;
				GCC_PREFIX_HEADER = "LessonAnimation/LessonAnimation-Prefix.pch";
				INFOPLIST_FILE = "LessonAnimationTests/LessonAnimationTests-Info.plist";
				PRODUCT_NAME = "$(TARGET_NAME)";
				TEST_HOST = "$(BUNDLE_LOADER)";
				WRAPPER_EXTENSION = xctest;
			};
			name = Release;
		};
/* End XCBuildConfiguration section */

/* Begin XCConfigurationList section */
		C2C11ECD1973C5F20095FE4D /* Build configuration list for PBXProject "LessonAnimation" */ = {
			isa = XCConfigurationList;
			buildConfigurations = (
				C2C11F021973C5F20095FE4D /* Debug */,
				C2C11F031973C5F20095FE4D /* Release */,
			);
			defaultConfigurationIsVisible = 0;
			defaultConfigurationName = Release;
		};
		C2C11F041973C5F20095FE4D /* Build configuration list for PBXNativeTarget "LessonAnimation" */ = {
			isa = XCConfigurationList;
			buildConfigurations = (
				C2C11F051973C5F20095FE4D /* Debug */,
				C2C11F061973C5F20095FE4D /* Release */,
			);
			defaultConfigurationIsVisible = 0;
			defaultConfigurationName = Release;
		};
		C2C11F071973C5F20095FE4D /* Build configuration list for PBXNativeTarget "LessonAnimationTests" */ = {
			isa = XCConfigurationList;
			buildConfigurations = (
				C2C11F081973C5F20095FE4D /* Debug */,
				C2C11F091973C5F20095FE4D /* Release */,
			);
			defaultConfigurationIsVisible = 0;
			defaultConfigurationName = Release;
		};
/* End XCConfigurationList section */
	};
	rootObject = C2C11ECA1973C5F20095FE4D /* Project object */;
}
